
Microsoft Visual Studio Solution File, Format Version 12.00
# Visual Studio 15
VisualStudioVersion = 15.0.28307.902
MinimumVisualStudioVersion = 10.0.40219.1
Project("{F184B08F-C81C-45F6-A57F-5ABD9991F28F}") = "MazeUI", "Maze.UI\MazeUI.vbproj", "{0E9C2292-5C61-4D1B-936D-34A698345EA6}"
EndProject
Project("{F184B08F-C81C-45F6-A57F-5ABD9991F28F}") = "Maze.Generator", "Maze.Generator\Maze.Generator.vbproj", "{435DC21E-9911-435B-A085-CC2527DDFCD4}"
EndProject
Project("{F184B08F-C81C-45F6-A57F-5ABD9991F28F}") = "Maze.Generator.Tests", "Maze.Generator.Tests\Maze.Generator.Tests.vbproj", "{A1C2CE5C-54E5-43A8-9EEC-4A27B3F18EA4}"
EndProject
Project("{F184B08F-C81C-45F6-A57F-5ABD9991F28F}") = "Maze.ConsoleTest", "Maze.Console\Maze.ConsoleTest.vbproj", "{3DCBCDF1-E7D4-41E3-A218-7A273EC9A872}"
EndProject
Global
	GlobalSection(SolutionConfigurationPlatforms) = preSolution
		Debug|Any CPU = Debug|Any CPU
		Release|Any CPU = Release|Any CPU
	EndGlobalSection
	GlobalSection(ProjectConfigurationPlatforms) = postSolution
		{0E9C2292-5C61-4D1B-936D-34A698345EA6}.Debug|Any CPU.ActiveCfg = Debug|Any CPU
		{0E9C2292-5C61-4D1B-936D-34A698345EA6}.Debug|Any CPU.Build.0 = Debug|Any CPU
		{0E9C2292-5C61-4D1B-936D-34A698345EA6}.Release|Any CPU.ActiveCfg = Release|Any CPU
		{0E9C2292-5C61-4D1B-936D-34A698345EA6}.Release|Any CPU.Build.0 = Release|Any CPU
		{435DC21E-9911-435B-A085-CC2527DDFCD4}.Debug|Any CPU.ActiveCfg = Debug|Any CPU
		{435DC21E-9911-435B-A085-CC2527DDFCD4}.Debug|Any CPU.Build.0 = Debug|Any CPU
		{435DC21E-9911-435B-A085-CC2527DDFCD4}.Release|Any CPU.ActiveCfg = Release|Any CPU
		{435DC21E-9911-435B-A085-CC2527DDFCD4}.Release|Any CPU.Build.0 = Release|Any CPU
		{A1C2CE5C-54E5-43A8-9EEC-4A27B3F18EA4}.Debug|Any CPU.ActiveCfg = Debug|Any CPU
		{A1C2CE5C-54E5-43A8-9EEC-4A27B3F18EA4}.Debug|Any CPU.Build.0 = Debug|Any CPU
		{A1C2CE5C-54E5-43A8-9EEC-4A27B3F18EA4}.Release|Any CPU.ActiveCfg = Release|Any CPU
		{A1C2CE5C-54E5-43A8-9EEC-4A27B3F18EA4}.Release|Any CPU.Build.0 = Release|Any CPU
		{3DCBCDF1-E7D4-41E3-A218-7A273EC9A872}.Debug|Any CPU.ActiveCfg = Debug|Any CPU
		{3DCBCDF1-E7D4-41E3-A218-7A273EC9A872}.Debug|Any CPU.Build.0 = Debug|Any CPU
		{3DCBCDF1-E7D4-41E3-A218-7A273EC9A872}.Release|Any CPU.ActiveCfg = Release|Any CPU
		{3DCBCDF1-E7D4-41E3-A218-7A273EC9A872}.Release|Any CPU.Build.0 = Release|Any CPU
	EndGlobalSection
	GlobalSection(SolutionProperties) = preSolution
		HideSolutionNode = FALSE
	EndGlobalSection
	GlobalSection(ExtensibilityGlobals) = postSolution
		SolutionGuid = {12F4ECF7-CC5F-49AB-B494-C5AF67DC222E}
	EndGlobalSection
EndGlobal
