
Microsoft Visual Studio Solution File, Format Version 12.00
# Visual Studio 15
VisualStudioVersion = 15.0.28307.902
MinimumVisualStudioVersion = 10.0.40219.1
Project("{F184B08F-C81C-45F6-A57F-5ABD9991F28F}") = "Maze.UI", "Maze.UI\Maze.UI.vbproj", "{0E9C2292-5C61-4D1B-936D-34A698345EA6}"
EndProject
Global
	GlobalSection(SolutionConfigurationPlatforms) = preSolution
		Debug|Any CPU = Debug|Any CPU
		Release|Any CPU = Release|Any CPU
	EndGlobalSection
	GlobalSection(ProjectConfigurationPlatforms) = postSolution
		{0E9C2292-5C61-4D1B-936D-34A698345EA6}.Debug|Any CPU.ActiveCfg = Debug|Any CPU
		{0E9C2292-5C61-4D1B-936D-34A698345EA6}.Debug|Any CPU.Build.0 = Debug|Any CPU
		{0E9C2292-5C61-4D1B-936D-34A698345EA6}.Release|Any CPU.ActiveCfg = Release|Any CPU
		{0E9C2292-5C61-4D1B-936D-34A698345EA6}.Release|Any CPU.Build.0 = Release|Any CPU
	EndGlobalSection
	GlobalSection(SolutionProperties) = preSolution
		HideSolutionNode = FALSE
	EndGlobalSection
	GlobalSection(ExtensibilityGlobals) = postSolution
		SolutionGuid = {12F4ECF7-CC5F-49AB-B494-C5AF67DC222E}
	EndGlobalSection
EndGlobal
